// !$*UTF8*$!
{
	archiveVersion = 1;
	classes = {
	};
	objectVersion = 46;
	objects = {

/* Begin PBXBuildFile section */
		6490ADE7D4FC93C1B7659611 /* libPods-SCMark.a in Frameworks */ = {isa = PBXBuildFile; fileRef = B4F1B24DBABE556CB490416E /* libPods-SCMark.a */; };
		E6178E6D1F1A5D55007CB24E /* main.m in Sources */ = {isa = PBXBuildFile; fileRef = E6178E6C1F1A5D55007CB24E /* main.m */; };
		E6178E701F1A5D55007CB24E /* AppDelegate.m in Sources */ = {isa = PBXBuildFile; fileRef = E6178E6F1F1A5D55007CB24E /* AppDelegate.m */; };
		E6178E721F1A5D55007CB24E /* Assets.xcassets in Resources */ = {isa = PBXBuildFile; fileRef = E6178E711F1A5D55007CB24E /* Assets.xcassets */; };
		E6178E751F1A5D55007CB24E /* LaunchScreen.storyboard in Resources */ = {isa = PBXBuildFile; fileRef = E6178E731F1A5D55007CB24E /* LaunchScreen.storyboard */; };
		E6178E7F1F1A6348007CB24E /* RootVC.m in Sources */ = {isa = PBXBuildFile; fileRef = E6178E7E1F1A6348007CB24E /* RootVC.m */; };
		E6178E831F1A6399007CB24E /* UIImageView+SuperCornerMark.m in Sources */ = {isa = PBXBuildFile; fileRef = E6178E821F1A6399007CB24E /* UIImageView+SuperCornerMark.m */; };
		E6178E861F1A63B8007CB24E /* SCMColorModel.m in Sources */ = {isa = PBXBuildFile; fileRef = E6178E851F1A63B8007CB24E /* SCMColorModel.m */; };
/* End PBXBuildFile section */

/* Begin PBXFileReference section */
		B4F1B24DBABE556CB490416E /* libPods-SCMark.a */ = {isa = PBXFileReference; explicitFileType = archive.ar; includeInIndex = 0; path = "libPods-SCMark.a"; sourceTree = BUILT_PRODUCTS_DIR; };
		C81050C0D6597D93CC936970 /* Pods-SCMark.debug.xcconfig */ = {isa = PBXFileReference; includeInIndex = 1; lastKnownFileType = text.xcconfig; name = "Pods-SCMark.debug.xcconfig"; path = "Pods/Target Support Files/Pods-SCMark/Pods-SCMark.debug.xcconfig"; sourceTree = "<group>"; };
		E6178E681F1A5D55007CB24E /* SCMark.app */ = {isa = PBXFileReference; explicitFileType = wrapper.application; includeInIndex = 0; path = SCMark.app; sourceTree = BUILT_PRODUCTS_DIR; };
		E6178E6C1F1A5D55007CB24E /* main.m */ = {isa = PBXFileReference; lastKnownFileType = sourcecode.c.objc; path = main.m; sourceTree = "<group>"; };
		E6178E6E1F1A5D55007CB24E /* AppDelegate.h */ = {isa = PBXFileReference; lastKnownFileType = sourcecode.c.h; path = AppDelegate.h; sourceTree = "<group>"; };
		E6178E6F1F1A5D55007CB24E /* AppDelegate.m */ = {isa = PBXFileReference; lastKnownFileType = sourcecode.c.objc; path = AppDelegate.m; sourceTree = "<group>"; };
		E6178E711F1A5D55007CB24E /* Assets.xcassets */ = {isa = PBXFileReference; lastKnownFileType = folder.assetcatalog; path = Assets.xcassets; sourceTree = "<group>"; };
		E6178E741F1A5D55007CB24E /* Base */ = {isa = PBXFileReference; lastKnownFileType = file.storyboard; name = Base; path = Base.lproj/LaunchScreen.storyboard; sourceTree = "<group>"; };
		E6178E761F1A5D55007CB24E /* Info.plist */ = {isa = PBXFileReference; lastKnownFileType = text.plist.xml; path = Info.plist; sourceTree = "<group>"; };
		E6178E7D1F1A6348007CB24E /* RootVC.h */ = {isa = PBXFileReference; fileEncoding = 4; lastKnownFileType = sourcecode.c.h; path = RootVC.h; sourceTree = "<group>"; };
		E6178E7E1F1A6348007CB24E /* RootVC.m */ = {isa = PBXFileReference; fileEncoding = 4; lastKnownFileType = sourcecode.c.objc; path = RootVC.m; sourceTree = "<group>"; };
		E6178E811F1A6399007CB24E /* UIImageView+SuperCornerMark.h */ = {isa = PBXFileReference; fileEncoding = 4; lastKnownFileType = sourcecode.c.h; path = "UIImageView+SuperCornerMark.h"; sourceTree = "<group>"; };
		E6178E821F1A6399007CB24E /* UIImageView+SuperCornerMark.m */ = {isa = PBXFileReference; fileEncoding = 4; lastKnownFileType = sourcecode.c.objc; path = "UIImageView+SuperCornerMark.m"; sourceTree = "<group>"; };
		E6178E841F1A63B8007CB24E /* SCMColorModel.h */ = {isa = PBXFileReference; fileEncoding = 4; lastKnownFileType = sourcecode.c.h; path = SCMColorModel.h; sourceTree = "<group>"; };
		E6178E851F1A63B8007CB24E /* SCMColorModel.m */ = {isa = PBXFileReference; fileEncoding = 4; lastKnownFileType = sourcecode.c.objc; path = SCMColorModel.m; sourceTree = "<group>"; };
		E62BA95E1F699FBF36E53F3E /* Pods-SCMark.release.xcconfig */ = {isa = PBXFileReference; includeInIndex = 1; lastKnownFileType = text.xcconfig; name = "Pods-SCMark.release.xcconfig"; path = "Pods/Target Support Files/Pods-SCMark/Pods-SCMark.release.xcconfig"; sourceTree = "<group>"; };
/* End PBXFileReference section */

/* Begin PBXFrameworksBuildPhase section */
		E6178E651F1A5D55007CB24E /* Frameworks */ = {
			isa = PBXFrameworksBuildPhase;
			buildActionMask = 2147483647;
			files = (
				6490ADE7D4FC93C1B7659611 /* libPods-SCMark.a in Frameworks */,
			);
			runOnlyForDeploymentPostprocessing = 0;
		};
/* End PBXFrameworksBuildPhase section */

/* Begin PBXGroup section */
		B92A57E513AC28BFE44A6880 /* Pods */ = {
			isa = PBXGroup;
			children = (
				C81050C0D6597D93CC936970 /* Pods-SCMark.debug.xcconfig */,
				E62BA95E1F699FBF36E53F3E /* Pods-SCMark.release.xcconfig */,
			);
			name = Pods;
			sourceTree = "<group>";
		};
		C7A6D31A9F2B27522522AA1C /* Frameworks */ = {
			isa = PBXGroup;
			children = (
				B4F1B24DBABE556CB490416E /* libPods-SCMark.a */,
			);
			name = Frameworks;
			sourceTree = "<group>";
		};
		E6178E5F1F1A5D55007CB24E = {
			isa = PBXGroup;
			children = (
				E6178E6A1F1A5D55007CB24E /* SCMark */,
				E6178E691F1A5D55007CB24E /* Products */,
				B92A57E513AC28BFE44A6880 /* Pods */,
				C7A6D31A9F2B27522522AA1C /* Frameworks */,
			);
			sourceTree = "<group>";
		};
		E6178E691F1A5D55007CB24E /* Products */ = {
			isa = PBXGroup;
			children = (
				E6178E681F1A5D55007CB24E /* SCMark.app */,
			);
			name = Products;
			sourceTree = "<group>";
		};
		E6178E6A1F1A5D55007CB24E /* SCMark */ = {
			isa = PBXGroup;
			children = (
				E6178E801F1A6351007CB24E /* SCM */,
				E6178E7C1F1A6330007CB24E /* Main */,
				E6178E6B1F1A5D55007CB24E /* Supporting Files */,
			);
			path = SCMark;
			sourceTree = "<group>";
		};
		E6178E6B1F1A5D55007CB24E /* Supporting Files */ = {
			isa = PBXGroup;
			children = (
				E6178E6C1F1A5D55007CB24E /* main.m */,
			);
			name = "Supporting Files";
			sourceTree = "<group>";
		};
		E6178E7C1F1A6330007CB24E /* Main */ = {
			isa = PBXGroup;
			children = (
				E6178E6E1F1A5D55007CB24E /* AppDelegate.h */,
				E6178E6F1F1A5D55007CB24E /* AppDelegate.m */,
				E6178E7D1F1A6348007CB24E /* RootVC.h */,
				E6178E7E1F1A6348007CB24E /* RootVC.m */,
				E6178E711F1A5D55007CB24E /* Assets.xcassets */,
				E6178E731F1A5D55007CB24E /* LaunchScreen.storyboard */,
				E6178E761F1A5D55007CB24E /* Info.plist */,
			);
			name = Main;
			sourceTree = "<group>";
		};
		E6178E801F1A6351007CB24E /* SCM */ = {
			isa = PBXGroup;
			children = (
				E6178E811F1A6399007CB24E /* UIImageView+SuperCornerMark.h */,
				E6178E821F1A6399007CB24E /* UIImageView+SuperCornerMark.m */,
				E6178E841F1A63B8007CB24E /* SCMColorModel.h */,
				E6178E851F1A63B8007CB24E /* SCMColorModel.m */,
			);
			name = SCM;
			sourceTree = "<group>";
		};
/* End PBXGroup section */

/* Begin PBXNativeTarget section */
		E6178E671F1A5D55007CB24E /* SCMark */ = {
			isa = PBXNativeTarget;
			buildConfigurationList = E6178E791F1A5D55007CB24E /* Build configuration list for PBXNativeTarget "SCMark" */;
			buildPhases = (
				92F060867878ACD895A0F51F /* [CP] Check Pods Manifest.lock */,
				E6178E641F1A5D55007CB24E /* Sources */,
				E6178E651F1A5D55007CB24E /* Frameworks */,
				E6178E661F1A5D55007CB24E /* Resources */,
				7B9712CB1FD6FE035986C9CD /* [CP] Embed Pods Frameworks */,
				A78C9261B4E6590EE8B4AF3B /* [CP] Copy Pods Resources */,
			);
			buildRules = (
			);
			dependencies = (
			);
			name = SCMark;
			productName = SCMark;
			productReference = E6178E681F1A5D55007CB24E /* SCMark.app */;
			productType = "com.apple.product-type.application";
		};
/* End PBXNativeTarget section */

/* Begin PBXProject section */
		E6178E601F1A5D55007CB24E /* Project object */ = {
			isa = PBXProject;
			attributes = {
				LastUpgradeCheck = 0830;
				ORGANIZATIONNAME = biubiublue;
				TargetAttributes = {
					E6178E671F1A5D55007CB24E = {
						CreatedOnToolsVersion = 8.3.3;
						ProvisioningStyle = Automatic;
					};
				};
			};
			buildConfigurationList = E6178E631F1A5D55007CB24E /* Build configuration list for PBXProject "SCMark" */;
			compatibilityVersion = "Xcode 3.2";
			developmentRegion = English;
			hasScannedForEncodings = 0;
			knownRegions = (
				en,
				Base,
			);
			mainGroup = E6178E5F1F1A5D55007CB24E;
			productRefGroup = E6178E691F1A5D55007CB24E /* Products */;
			projectDirPath = "";
			projectRoot = "";
			targets = (
				E6178E671F1A5D55007CB24E /* SCMark */,
			);
		};
/* End PBXProject section */

/* Begin PBXResourcesBuildPhase section */
		E6178E661F1A5D55007CB24E /* Resources */ = {
			isa = PBXResourcesBuildPhase;
			buildActionMask = 2147483647;
			files = (
				E6178E721F1A5D55007CB24E /* Assets.xcassets in Resources */,
				E6178E751F1A5D55007CB24E /* LaunchScreen.storyboard in Resources */,
			);
			runOnlyForDeploymentPostprocessing = 0;
		};
/* End PBXResourcesBuildPhase section */

/* Begin PBXShellScriptBuildPhase section */
		7B9712CB1FD6FE035986C9CD /* [CP] Embed Pods Frameworks */ = {
			isa = PBXShellScriptBuildPhase;
			buildActionMask = 2147483647;
			files = (
			);
			inputPaths = (
			);
			name = "[CP] Embed Pods Frameworks";
			outputPaths = (
			);
			runOnlyForDeploymentPostprocessing = 0;
			shellPath = /bin/sh;
			shellScript = "\"${SRCROOT}/Pods/Target Support Files/Pods-SCMark/Pods-SCMark-frameworks.sh\"\n";
			showEnvVarsInLog = 0;
		};
		92F060867878ACD895A0F51F /* [CP] Check Pods Manifest.lock */ = {
			isa = PBXShellScriptBuildPhase;
			buildActionMask = 2147483647;
			files = (
			);
			inputPaths = (
			);
			name = "[CP] Check Pods Manifest.lock";
			outputPaths = (
			);
			runOnlyForDeploymentPostprocessing = 0;
			shellPath = /bin/sh;
			shellScript = "diff \"${PODS_PODFILE_DIR_PATH}/Podfile.lock\" \"${PODS_ROOT}/Manifest.lock\" > /dev/null\nif [ $? != 0 ] ; then\n    # print error to STDERR\n    echo \"error: The sandbox is not in sync with the Podfile.lock. Run 'pod install' or update your CocoaPods installation.\" >&2\n    exit 1\nfi\n";
			showEnvVarsInLog = 0;
		};
		A78C9261B4E6590EE8B4AF3B /* [CP] Copy Pods Resources */ = {
			isa = PBXShellScriptBuildPhase;
			buildActionMask = 2147483647;
			files = (
			);
			inputPaths = (
			);
			name = "[CP] Copy Pods Resources";
			outputPaths = (
			);
			runOnlyForDeploymentPostprocessing = 0;
			shellPath = /bin/sh;
			shellScript = "\"${SRCROOT}/Pods/Target Support Files/Pods-SCMark/Pods-SCMark-resources.sh\"\n";
			showEnvVarsInLog = 0;
		};
/* End PBXShellScriptBuildPhase section */

/* Begin PBXSourcesBuildPhase section */
		E6178E641F1A5D55007CB24E /* Sources */ = {
			isa = PBXSourcesBuildPhase;
			buildActionMask = 2147483647;
			files = (
				E6178E7F1F1A6348007CB24E /* RootVC.m in Sources */,
				E6178E701F1A5D55007CB24E /* AppDelegate.m in Sources */,
				E6178E831F1A6399007CB24E /* UIImageView+SuperCornerMark.m in Sources */,
				E6178E6D1F1A5D55007CB24E /* main.m in Sources */,
				E6178E861F1A63B8007CB24E /* SCMColorModel.m in Sources */,
			);
			runOnlyForDeploymentPostprocessing = 0;
		};
/* End PBXSourcesBuildPhase section */

/* Begin PBXVariantGroup section */
		E6178E731F1A5D55007CB24E /* LaunchScreen.storyboard */ = {
			isa = PBXVariantGroup;
			children = (
				E6178E741F1A5D55007CB24E /* Base */,
			);
			name = LaunchScreen.storyboard;
			sourceTree = "<group>";
		};
/* End PBXVariantGroup section */

/* Begin XCBuildConfiguration section */
		E6178E771F1A5D55007CB24E /* Debug */ = {
			isa = XCBuildConfiguration;
			buildSettings = {
				ALWAYS_SEARCH_USER_PATHS = NO;
				CLANG_ANALYZER_NONNULL = YES;
				CLANG_ANALYZER_NUMBER_OBJECT_CONVERSION = YES_AGGRESSIVE;
				CLANG_CXX_LANGUAGE_STANDARD = "gnu++0x";
				CLANG_CXX_LIBRARY = "libc++";
				CLANG_ENABLE_MODULES = YES;
				CLANG_ENABLE_OBJC_ARC = YES;
				CLANG_WARN_BOOL_CONVERSION = YES;
				CLANG_WARN_CONSTANT_CONVERSION = YES;
				CLANG_WARN_DIRECT_OBJC_ISA_USAGE = YES_ERROR;
				CLANG_WARN_DOCUMENTATION_COMMENTS = YES;
				CLANG_WARN_EMPTY_BODY = YES;
				CLANG_WARN_ENUM_CONVERSION = YES;
				CLANG_WARN_INFINITE_RECURSION = YES;
				CLANG_WARN_INT_CONVERSION = YES;
				CLANG_WARN_OBJC_ROOT_CLASS = YES_ERROR;
				CLANG_WARN_SUSPICIOUS_MOVE = YES;
				CLANG_WARN_UNREACHABLE_CODE = YES;
				CLANG_WARN__DUPLICATE_METHOD_MATCH = YES;
				"CODE_SIGN_IDENTITY[sdk=iphoneos*]" = "iPhone Developer";
				COPY_PHASE_STRIP = NO;
				DEBUG_INFORMATION_FORMAT = dwarf;
				ENABLE_STRICT_OBJC_MSGSEND = YES;
				ENABLE_TESTABILITY = YES;
				GCC_C_LANGUAGE_STANDARD = gnu99;
				GCC_DYNAMIC_NO_PIC = NO;
				GCC_NO_COMMON_BLOCKS = YES;
				GCC_OPTIMIZATION_LEVEL = 0;
				GCC_PREPROCESSOR_DEFINITIONS = (
					"DEBUG=1",
					"$(inherited)",
				);
				GCC_WARN_64_TO_32_BIT_CONVERSION = YES;
				GCC_WARN_ABOUT_RETURN_TYPE = YES_ERROR;
				GCC_WARN_UNDECLARED_SELECTOR = YES;
				GCC_WARN_UNINITIALIZED_AUTOS = YES_AGGRESSIVE;
				GCC_WARN_UNUSED_FUNCTION = YES;
				GCC_WARN_UNUSED_VARIABLE = YES;
				IPHONEOS_DEPLOYMENT_TARGET = 10.3;
				MTL_ENABLE_DEBUG_INFO = YES;
				ONLY_ACTIVE_ARCH = YES;
				SDKROOT = iphoneos;
				TARGETED_DEVICE_FAMILY = "1,2";
			};
			name = Debug;
		};
		E6178E781F1A5D55007CB24E /* Release */ = {
			isa = XCBuildConfiguration;
			buildSettings = {
				ALWAYS_SEARCH_USER_PATHS = NO;
				CLANG_ANALYZER_NONNULL = YES;
				CLANG_ANALYZER_NUMBER_OBJECT_CONVERSION = YES_AGGRESSIVE;
				CLANG_CXX_LANGUAGE_STANDARD = "gnu++0x";
				CLANG_CXX_LIBRARY = "libc++";
				CLANG_ENABLE_MODULES = YES;
				CLANG_ENABLE_OBJC_ARC = YES;
				CLANG_WARN_BOOL_CONVERSION = YES;
				CLANG_WARN_CONSTANT_CONVERSION = YES;
				CLANG_WARN_DIRECT_OBJC_ISA_USAGE = YES_ERROR;
				CLANG_WARN_DOCUMENTATION_COMMENTS = YES;
				CLANG_WARN_EMPTY_BODY = YES;
				CLANG_WARN_ENUM_CONVERSION = YES;
				CLANG_WARN_INFINITE_RECURSION = YES;
				CLANG_WARN_INT_CONVERSION = YES;
				CLANG_WARN_OBJC_ROOT_CLASS = YES_ERROR;
				CLANG_WARN_SUSPICIOUS_MOVE = YES;
				CLANG_WARN_UNREACHABLE_CODE = YES;
				CLANG_WARN__DUPLICATE_METHOD_MATCH = YES;
				"CODE_SIGN_IDENTITY[sdk=iphoneos*]" = "iPhone Developer";
				COPY_PHASE_STRIP = NO;
				DEBUG_INFORMATION_FORMAT = "dwarf-with-dsym";
				ENABLE_NS_ASSERTIONS = NO;
				ENABLE_STRICT_OBJC_MSGSEND = YES;
				GCC_C_LANGUAGE_STANDARD = gnu99;
				GCC_NO_COMMON_BLOCKS = YES;
				GCC_WARN_64_TO_32_BIT_CONVERSION = YES;
				GCC_WARN_ABOUT_RETURN_TYPE = YES_ERROR;
				GCC_WARN_UNDECLARED_SELECTOR = YES;
				GCC_WARN_UNINITIALIZED_AUTOS = YES_AGGRESSIVE;
				GCC_WARN_UNUSED_FUNCTION = YES;
				GCC_WARN_UNUSED_VARIABLE = YES;
				IPHONEOS_DEPLOYMENT_TARGET = 10.3;
				MTL_ENABLE_DEBUG_INFO = NO;
				SDKROOT = iphoneos;
				TARGETED_DEVICE_FAMILY = "1,2";
				VALIDATE_PRODUCT = YES;
			};
			name = Release;
		};
		E6178E7A1F1A5D55007CB24E /* Debug */ = {
			isa = XCBuildConfiguration;
			baseConfigurationReference = C81050C0D6597D93CC936970 /* Pods-SCMark.debug.xcconfig */;
			buildSettings = {
				ASSETCATALOG_COMPILER_APPICON_NAME = AppIcon;
				INFOPLIST_FILE = SCMark/Info.plist;
				LD_RUNPATH_SEARCH_PATHS = "$(inherited) @executable_path/Frameworks";
				PRODUCT_BUNDLE_IDENTIFIER = biubiublue.SCMark;
				PRODUCT_NAME = "$(TARGET_NAME)";
			};
			name = Debug;
		};
		E6178E7B1F1A5D55007CB24E /* Release */ = {
			isa = XCBuildConfiguration;
			baseConfigurationReference = E62BA95E1F699FBF36E53F3E /* Pods-SCMark.release.xcconfig */;
			buildSettings = {
				ASSETCATALOG_COMPILER_APPICON_NAME = AppIcon;
				INFOPLIST_FILE = SCMark/Info.plist;
				LD_RUNPATH_SEARCH_PATHS = "$(inherited) @executable_path/Frameworks";
				PRODUCT_BUNDLE_IDENTIFIER = biubiublue.SCMark;
				PRODUCT_NAME = "$(TARGET_NAME)";
			};
			name = Release;
		};
/* End XCBuildConfiguration section */

/* Begin XCConfigurationList section */
		E6178E631F1A5D55007CB24E /* Build configuration list for PBXProject "SCMark" */ = {
			isa = XCConfigurationList;
			buildConfigurations = (
				E6178E771F1A5D55007CB24E /* Debug */,
				E6178E781F1A5D55007CB24E /* Release */,
			);
			defaultConfigurationIsVisible = 0;
			defaultConfigurationName = Release;
		};
		E6178E791F1A5D55007CB24E /* Build configuration list for PBXNativeTarget "SCMark" */ = {
			isa = XCConfigurationList;
			buildConfigurations = (
				E6178E7A1F1A5D55007CB24E /* Debug */,
				E6178E7B1F1A5D55007CB24E /* Release */,
			);
			defaultConfigurationIsVisible = 0;
		};
/* End XCConfigurationList section */
	};
	rootObject = E6178E601F1A5D55007CB24E /* Project object */;
}
